{
	"name": "xysat",
	"version": "1.0.46",
	"lockfileVersion": 3,
	"requires": true,
	"packages": {
		"": {
			"name": "xysat",
			"version": "1.0.46",
			"license": "BSD-3-Clause",
			"dependencies": {
				"@pixlcore/xyops-sdk": "^1.0.4",
				"async": "2.6.4",
				"class-plus": "^1.0.0",
				"node-pty": "1.1.0",
				"pixl-boot": "^2.0.5",
				"pixl-cli": "^1.0.0",
				"pixl-json-stream": "^1.0.10",
				"pixl-perf": "^1.0.9",
				"pixl-request": "^2.6.11",
				"pixl-server": "^1.0.50",
				"pixl-tools": "^2.0.3",
				"pixl-xml": "^1.0.0",
				"shell-quote": "1.9.0",
				"ssh2": "1.17.0",
				"systeminformation": "5.33.8",
				"ws": "7.5.11"
			},
			"bin": {
				"xysat": "main.js"
			}
		},
		"node_modules/@pixlcore/xyops-sdk": {
			"version": "1.0.7",
			"resolved": "https://registry.npmjs.org/@pixlcore/xyops-sdk/-/xyops-sdk-1.0.7.tgz",
			"integrity": "sha512-8r6tE7zHKCxc9kc0sU5jRsA372qVYXTiclPCrCg44IgVOAc2hw67eYuVRWaJCm7UrL1KD3U0M3ddrBMUB6yjDw==",
			"license": "BSD-3-Clause",
			"dependencies": {
				"pixl-logger": "^2.0.4",
				"pixl-perf": "^1.0.9",
				"pixl-request": "^2.6.9",
				"pixl-tools": "^2.0.3"
			}
		},
		"node_modules/@tootallnate/quickjs-emscripten": {
			"version": "0.23.0",
			"resolved": "https://registry.npmjs.org/@tootallnate/quickjs-emscripten/-/quickjs-emscripten-0.23.0.tgz",
			"integrity": "sha512-C5Mc6rdnsaJDjO3UpGW/CQTHtCKaYlScZTly4JIu97Jxo/odCiH0ITnDXSJPTOrEKk/ycSZ0AOgTmkDtkOsvIA==",
			"license": "MIT"
		},
		"node_modules/agent-base": {
			"version": "7.1.4",
			"resolved": "https://registry.npmjs.org/agent-base/-/agent-base-7.1.4.tgz",
			"integrity": "sha512-MnA+YT8fwfJPgBx3m60MNqakm30XOkyIoH1y6huTQvC0PwZG7ki8NacLBcrPbNoo8vEZy7Jpuk7+jMO+CUovTQ==",
			"license": "MIT",
			"engines": {
				"node": ">= 14"
			}
		},
		"node_modules/ansi-styles": {
			"version": "3.2.1",
			"resolved": "https://registry.npmjs.org/ansi-styles/-/ansi-styles-3.2.1.tgz",
			"integrity": "sha512-VT0ZI6kZRdTh8YyJw3SMbYm/u+NqfsAxEpWO0Pf9sq8/e94WxxOpPKx9FR1FlyCtOVDNOQ+8ntlqFxiRc+r5qA==",
			"license": "MIT",
			"dependencies": {
				"color-convert": "^1.9.0"
			},
			"engines": {
				"node": ">=4"
			}
		},
		"node_modules/approximate-now": {
			"version": "1.0.0",
			"resolved": "https://registry.npmjs.org/approximate-now/-/approximate-now-1.0.0.tgz",
			"integrity": "sha512-n8SkhunMoE1jYuC70sAof82NvFXhxHRSxQxk2Zl2+SpFraLE9rKkSMi+KumnXXukhPWe5iUa6cO4535ePtovQQ==",
			"license": "BSD-3-Clause",
			"engines": {
				"node": ">=10.0"
			}
		},
		"node_modules/asn1": {
			"version": "0.2.6",
			"resolved": "https://registry.npmjs.org/asn1/-/asn1-0.2.6.tgz",
			"integrity": "sha512-ix/FxPn0MDjeyJ7i/yoHGFt/EX6LyNbxSEhPPXODPL+KB0VPk86UYfL0lMdy+KCnv+fmvIzySwaK5COwqVbWTQ==",
			"license": "MIT",
			"dependencies": {
				"safer-buffer": "~2.1.0"
			}
		},
		"node_modules/ast-types": {
			"version": "0.13.4",
			"resolved": "https://registry.npmjs.org/ast-types/-/ast-types-0.13.4.tgz",
			"integrity": "sha512-x1FCFnFifvYDDzTaLII71vG5uvDwgtmDTEVWAxrgeiR8VjMONcCXJx7E+USjDtHlwFmt9MysbqgF9b9Vjr6w+w==",
			"license": "MIT",
			"dependencies": {
				"tslib": "^2.0.1"
			},
			"engines": {
				"node": ">=4"
			}
		},
		"node_modules/async": {
			"version": "2.6.4",
			"resolved": "https://registry.npmjs.org/async/-/async-2.6.4.tgz",
			"integrity": "sha512-mzo5dfJYwAn29PeiJ0zvwTo04zj8HDJj0Mn8TD7sno7q12prdbnasKJHhkm2c1LgrhlJ0teaea8860oxi51mGA==",
			"license": "MIT",
			"dependencies": {
				"lodash": "^4.17.14"
			}
		},
		"node_modules/asynckit": {
			"version": "0.4.0",
			"resolved": "https://registry.npmjs.org/asynckit/-/asynckit-0.4.0.tgz",
			"integrity": "sha512-Oei9OH4tRh0YqU3GxhX79dM/mwVgvbZJaSNaRk+bshkj0S5cfHcgYakreBjrHwatXKbz+IoIdYLxrKim2MjW0Q==",
			"license": "MIT"
		},
		"node_modules/basic-ftp": {
			"version": "5.3.1",
			"resolved": "https://registry.npmjs.org/basic-ftp/-/basic-ftp-5.3.1.tgz",
			"integrity": "sha512-bopVNp6ugyA150DDuZfPFdt1KZ5a94ZDiwX4hMgZDzF+GttD80lEy8kj98kbyhLXnPvhtIo93mdnLIjpCAeeOw==",
			"license": "MIT",
			"engines": {
				"node": ">=10.0.0"
			}
		},
		"node_modules/bcrypt-pbkdf": {
			"version": "1.0.2",
			"resolved": "https://registry.npmjs.org/bcrypt-pbkdf/-/bcrypt-pbkdf-1.0.2.tgz",
			"integrity": "sha512-qeFIXtP4MSoi6NLqO12WfqARWWuCKi2Rn/9hJLEmtB5yTNr9DqFWkJRCf2qShWzPeAMRnOgCrq0sg/KLv5ES9w==",
			"license": "BSD-3-Clause",
			"dependencies": {
				"tweetnacl": "^0.14.3"
			}
		},
		"node_modules/buildcheck": {
			"version": "0.0.7",
			"resolved": "https://registry.npmjs.org/buildcheck/-/buildcheck-0.0.7.tgz",
			"integrity": "sha512-lHblz4ahamxpTmnsk+MNTRWsjYKv965MwOrSJyeD588rR3Jcu7swE+0wN5F+PbL5cjgu/9ObkhfzEPuofEMwLA==",
			"optional": true,
			"engines": {
				"node": ">=10.0.0"
			}
		},
		"node_modules/call-bind-apply-helpers": {
			"version": "1.0.2",
			"resolved": "https://registry.npmjs.org/call-bind-apply-helpers/-/call-bind-apply-helpers-1.0.2.tgz",
			"integrity": "sha512-Sp1ablJ0ivDkSzjcaJdxEunN5/XvksFJ2sMBFfq6x0ryhQV/2b/KwFe21cMpmHtPOSij8K99/wSfoEuTObmuMQ==",
			"license": "MIT",
			"dependencies": {
				"es-errors": "^1.3.0",
				"function-bind": "^1.1.2"
			},
			"engines": {
				"node": ">= 0.4"
			}
		},
		"node_modules/chalk": {
			"version": "2.4.1",
			"resolved": "https://registry.npmjs.org/chalk/-/chalk-2.4.1.tgz",
			"integrity": "sha512-ObN6h1v2fTJSmUXoS3nMQ92LbDK9be4TV+6G+omQlGJFdcUX5heKi1LZ1YnRMIgwTLEj3E24bT6tYni50rlCfQ==",
			"license": "MIT",
			"dependencies": {
				"ansi-styles": "^3.2.1",
				"escape-string-regexp": "^1.0.5",
				"supports-color": "^5.3.0"
			},
			"engines": {
				"node": ">=4"
			}
		},
		"node_modules/class-plus": {
			"version": "1.0.0",
			"resolved": "https://registry.npmjs.org/class-plus/-/class-plus-1.0.0.tgz",
			"integrity": "sha512-k1a+aPxk1OfVs/+WOcV0LkrcCb5hsA6EKPQTEuLch7jQBLNavDt4tSEZyEYnBbYVkoBOFxdzdZ1aVvbv5VDIKA==",
			"license": "MIT"
		},
		"node_modules/color-convert": {
			"version": "1.9.3",
			"resolved": "https://registry.npmjs.org/color-convert/-/color-convert-1.9.3.tgz",
			"integrity": "sha512-QfAUtd+vFdAtFQcC8CCyYt1fYWxSqAiK2cSD6zDB8N3cpsEBAvRxp9zOGg6G/SHHJYAT88/az/IuDGALsNVbGg==",
			"license": "MIT",
			"dependencies": {
				"color-name": "1.1.3"
			}
		},
		"node_modules/color-name": {
			"version": "1.1.3",
			"resolved": "https://registry.npmjs.org/color-name/-/color-name-1.1.3.tgz",
			"integrity": "sha512-72fSenhMw2HZMTVHeCA9KCmpEIbzWiQsjN+BHcBbS9vr1mtt+vJjPdksIBNUmKAW8TFUDPJK5SUU3QhE9NEXDw==",
			"license": "MIT"
		},
		"node_modules/combined-stream": {
			"version": "1.0.8",
			"resolved": "https://registry.npmjs.org/combined-stream/-/combined-stream-1.0.8.tgz",
			"integrity": "sha512-FQN4MRfuJeHf7cBbBMJFXhKSDq+2kAArBlmRBvcvFE5BB1HZKXtSFASDhdlz9zOYwxh8lDdnvmMOe/+5cdoEdg==",
			"license": "MIT",
			"dependencies": {
				"delayed-stream": "~1.0.0"
			},
			"engines": {
				"node": ">= 0.8"
			}
		},
		"node_modules/cpu-features": {
			"version": "0.0.10",
			"resolved": "https://registry.npmjs.org/cpu-features/-/cpu-features-0.0.10.tgz",
			"integrity": "sha512-9IkYqtX3YHPCzoVg1Py+o9057a3i0fp7S530UWokCSaFVTc7CwXPRiOjRjBQQ18ZCNafx78YfnG+HALxtVmOGA==",
			"hasInstallScript": true,
			"optional": true,
			"dependencies": {
				"buildcheck": "~0.0.6",
				"nan": "^2.19.0"
			},
			"engines": {
				"node": ">=10.0.0"
			}
		},
		"node_modules/daemon": {
			"version": "1.1.0",
			"resolved": "https://registry.npmjs.org/daemon/-/daemon-1.1.0.tgz",
			"integrity": "sha512-1vX9YVcP21gt12nSD3SQRC/uPU7fyA6M8qyClTBIFuiRWoylFn57PwXhjBAqRl085bZAje7sILhZU48qcS9SWw==",
			"engines": {
				"node": ">= 0.8.0"
			}
		},
		"node_modules/data-uri-to-buffer": {
			"version": "6.0.2",
			"resolved": "https://registry.npmjs.org/data-uri-to-buffer/-/data-uri-to-buffer-6.0.2.tgz",
			"integrity": "sha512-7hvf7/GW8e86rW0ptuwS3OcBGDjIi6SZva7hCyWC0yYry2cOPmLIjXAUHI6DK2HsnwJd9ifmt57i8eV2n4YNpw==",
			"license": "MIT",
			"engines": {
				"node": ">= 14"
			}
		},
		"node_modules/debug": {
			"version": "4.4.3",
			"resolved": "https://registry.npmjs.org/debug/-/debug-4.4.3.tgz",
			"integrity": "sha512-RGwwWnwQvkVfavKVt22FGLw+xYSdzARwm0ru6DhTVA3umU5hZc28V3kO4stgYryrTlLpuvgI9GiijltAjNbcqA==",
			"license": "MIT",
			"dependencies": {
				"ms": "^2.1.3"
			},
			"engines": {
				"node": ">=6.0"
			},
			"peerDependenciesMeta": {
				"supports-color": {
					"optional": true
				}
			}
		},
		"node_modules/degenerator": {
			"version": "5.0.1",
			"resolved": "https://registry.npmjs.org/degenerator/-/degenerator-5.0.1.tgz",
			"integrity": "sha512-TllpMR/t0M5sqCXfj85i4XaAzxmS5tVA16dqvdkMwGmzI+dXLXnw3J+3Vdv7VKw+ThlTMboK6i9rnZ6Nntj5CQ==",
			"license": "MIT",
			"dependencies": {
				"ast-types": "^0.13.4",
				"escodegen": "^2.1.0",
				"esprima": "^4.0.1"
			},
			"engines": {
				"node": ">= 14"
			}
		},
		"node_modules/delayed-stream": {
			"version": "1.0.0",
			"resolved": "https://registry.npmjs.org/delayed-stream/-/delayed-stream-1.0.0.tgz",
			"integrity": "sha512-ZySD7Nf91aLB0RxL4KGrKHBXl7Eds1DAmEdcoVawXnLD7SDhpNgtuII2aAkg7a7QS41jxPSZ17p4VdGnMHk3MQ==",
			"license": "MIT",
			"engines": {
				"node": ">=0.4.0"
			}
		},
		"node_modules/dunder-proto": {
			"version": "1.0.1",
			"resolved": "https://registry.npmjs.org/dunder-proto/-/dunder-proto-1.0.1.tgz",
			"integrity": "sha512-KIN/nDJBQRcXw0MLVhZE9iQHmG68qAVIBg9CqmUYjmQIhgij9U5MFvrqkUL5FbtyyzZuOeOt0zdeRe4UY7ct+A==",
			"license": "MIT",
			"dependencies": {
				"call-bind-apply-helpers": "^1.0.1",
				"es-errors": "^1.3.0",
				"gopd": "^1.2.0"
			},
			"engines": {
				"node": ">= 0.4"
			}
		},
		"node_modules/errno": {
			"version": "1.0.0",
			"resolved": "https://registry.npmjs.org/errno/-/errno-1.0.0.tgz",
			"integrity": "sha512-3zV5mFS1E8/1bPxt/B0xxzI1snsg3uSCIh6Zo1qKg6iMw93hzPANk9oBFzSFBFrwuVoQuE3rLoouAUfwOAj1wQ==",
			"license": "MIT",
			"dependencies": {
				"prr": "~1.0.1"
			},
			"bin": {
				"errno": "cli.js"
			}
		},
		"node_modules/es-define-property": {
			"version": "1.0.1",
			"resolved": "https://registry.npmjs.org/es-define-property/-/es-define-property-1.0.1.tgz",
			"integrity": "sha512-e3nRfgfUZ4rNGL232gUgX06QNyyez04KdjFrF+LTRoOXmrOgFKDg4BCdsjW8EnT69eqdYGmRpJwiPVYNrCaW3g==",
			"license": "MIT",
			"engines": {
				"node": ">= 0.4"
			}
		},
		"node_modules/es-errors": {
			"version": "1.3.0",
			"resolved": "https://registry.npmjs.org/es-errors/-/es-errors-1.3.0.tgz",
			"integrity": "sha512-Zf5H2Kxt2xjTvbJvP2ZWLEICxA6j+hAmMzIlypy4xcBg1vKVnx89Wy0GbS+kf5cwCVFFzdCFh2XSCFNULS6csw==",
			"license": "MIT",
			"engines": {
				"node": ">= 0.4"
			}
		},
		"node_modules/es-object-atoms": {
			"version": "1.1.2",
			"resolved": "https://registry.npmjs.org/es-object-atoms/-/es-object-atoms-1.1.2.tgz",
			"integrity": "sha512-HWcBoN6NileqtSydK2FqHbS/LoDd2pqrnQHLyJzBj4kOp/ky2MWMN694xOfkK8/SnUsW2DH7EfyVlydKCsm1Zw==",
			"license": "MIT",
			"dependencies": {
				"es-errors": "^1.3.0"
			},
			"engines": {
				"node": ">= 0.4"
			}
		},
		"node_modules/es-set-tostringtag": {
			"version": "2.1.0",
			"resolved": "https://registry.npmjs.org/es-set-tostringtag/-/es-set-tostringtag-2.1.0.tgz",
			"integrity": "sha512-j6vWzfrGVfyXxge+O0x5sh6cvxAog0a/4Rdd2K36zCMV5eJ+/+tOAngRO8cODMNWbVRdVlmGZQL2YS3yR8bIUA==",
			"license": "MIT",
			"dependencies": {
				"es-errors": "^1.3.0",
				"get-intrinsic": "^1.2.6",
				"has-tostringtag": "^1.0.2",
				"hasown": "^2.0.2"
			},
			"engines": {
				"node": ">= 0.4"
			}
		},
		"node_modules/escape-string-regexp": {
			"version": "1.0.5",
			"resolved": "https://registry.npmjs.org/escape-string-regexp/-/escape-string-regexp-1.0.5.tgz",
			"integrity": "sha512-vbRorB5FUQWvla16U8R/qgaFIya2qGzwDrNmCZuYKrbdSUMG6I1ZCGQRefkRVhuOkIGVne7BQ35DSfo1qvJqFg==",
			"license": "MIT",
			"engines": {
				"node": ">=0.8.0"
			}
		},
		"node_modules/escodegen": {
			"version": "2.1.0",
			"resolved": "https://registry.npmjs.org/escodegen/-/escodegen-2.1.0.tgz",
			"integrity": "sha512-2NlIDTwUWJN0mRPQOdtQBzbUHvdGY2P1VXSyU83Q3xKxM7WHX2Ql8dKq782Q9TgQUNOLEzEYu9bzLNj1q88I5w==",
			"license": "BSD-2-Clause",
			"dependencies": {
				"esprima": "^4.0.1",
				"estraverse": "^5.2.0",
				"esutils": "^2.0.2"
			},
			"bin": {
				"escodegen": "bin/escodegen.js",
				"esgenerate": "bin/esgenerate.js"
			},
			"engines": {
				"node": ">=6.0"
			},
			"optionalDependencies": {
				"source-map": "~0.6.1"
			}
		},
		"node_modules/esprima": {
			"version": "4.0.1",
			"resolved": "https://registry.npmjs.org/esprima/-/esprima-4.0.1.tgz",
			"integrity": "sha512-eGuFFw7Upda+g4p+QHvnW0RyTX/SVeJBDM/gCtMARO0cLuT2HcEKnTPvhjV6aGeqrCB/sbNop0Kszm0jsaWU4A==",
			"license": "BSD-2-Clause",
			"bin": {
				"esparse": "bin/esparse.js",
				"esvalidate": "bin/esvalidate.js"
			},
			"engines": {
				"node": ">=4"
			}
		},
		"node_modules/estraverse": {
			"version": "5.3.0",
			"resolved": "https://registry.npmjs.org/estraverse/-/estraverse-5.3.0.tgz",
			"integrity": "sha512-MMdARuVEQziNTeJD8DgMqmhwR11BRQ/cBP+pLtYdSTnf3MIO8fFeiINEbX36ZdNlfU/7A9f3gUw49B3oQsvwBA==",
			"license": "BSD-2-Clause",
			"engines": {
				"node": ">=4.0"
			}
		},
		"node_modules/esutils": {
			"version": "2.0.3",
			"resolved": "https://registry.npmjs.org/esutils/-/esutils-2.0.3.tgz",
			"integrity": "sha512-kVscqXk4OCp68SZ0dkgEKVi6/8ij300KBWTJq32P/dYeWTSwK41WyTxalN1eRmA5Z9UU/LX9D7FWSmV9SAYx6g==",
			"license": "BSD-2-Clause",
			"engines": {
				"node": ">=0.10.0"
			}
		},
		"node_modules/form-data": {
			"version": "4.0.6",
			"resolved": "https://registry.npmjs.org/form-data/-/form-data-4.0.6.tgz",
			"integrity": "sha512-vKatAh4SlVfgbv+YtmhiRjhEMJsYpsG1Y2rMQtR+SVSbytsSD1YGzDIcrAJmdFec88u/+VoGmxnl+80gL1tRCQ==",
			"license": "MIT",
			"dependencies": {
				"asynckit": "^0.4.0",
				"combined-stream": "^1.0.8",
				"es-set-tostringtag": "^2.1.0",
				"hasown": "^2.0.4",
				"mime-types": "^2.1.35"
			},
			"engines": {
				"node": ">= 6"
			}
		},
		"node_modules/function-bind": {
			"version": "1.1.2",
			"resolved": "https://registry.npmjs.org/function-bind/-/function-bind-1.1.2.tgz",
			"integrity": "sha512-7XHNxH7qX9xG5mIwxkhumTox/MIRNcOgDrxWsMt2pAr23WHp6MrRlN7FBSFpCpr+oVO0F744iUgR82nJMfG2SA==",
			"license": "MIT",
			"funding": {
				"url": "https://github.com/sponsors/ljharb"
			}
		},
		"node_modules/get-intrinsic": {
			"version": "1.3.0",
			"resolved": "https://registry.npmjs.org/get-intrinsic/-/get-intrinsic-1.3.0.tgz",
			"integrity": "sha512-9fSjSaos/fRIVIp+xSJlE6lfwhES7LNtKaCBIamHsjr2na1BiABJPo0mOjjz8GJDURarmCPGqaiVg5mfjb98CQ==",
			"license": "MIT",
			"dependencies": {
				"call-bind-apply-helpers": "^1.0.2",
				"es-define-property": "^1.0.1",
				"es-errors": "^1.3.0",
				"es-object-atoms": "^1.1.1",
				"function-bind": "^1.1.2",
				"get-proto": "^1.0.1",
				"gopd": "^1.2.0",
				"has-symbols": "^1.1.0",
				"hasown": "^2.0.2",
				"math-intrinsics": "^1.1.0"
			},
			"engines": {
				"node": ">= 0.4"
			},
			"funding": {
				"url": "https://github.com/sponsors/ljharb"
			}
		},
		"node_modules/get-proto": {
			"version": "1.0.1",
			"resolved": "https://registry.npmjs.org/get-proto/-/get-proto-1.0.1.tgz",
			"integrity": "sha512-sTSfBjoXBp89JvIKIefqw7U2CCebsc74kiY6awiGogKtoSGbgjYE/G/+l9sF3MWFPNc9IcoOC4ODfKHfxFmp0g==",
			"license": "MIT",
			"dependencies": {
				"dunder-proto": "^1.0.1",
				"es-object-atoms": "^1.0.0"
			},
			"engines": {
				"node": ">= 0.4"
			}
		},
		"node_modules/get-uri": {
			"version": "6.0.5",
			"resolved": "https://registry.npmjs.org/get-uri/-/get-uri-6.0.5.tgz",
			"integrity": "sha512-b1O07XYq8eRuVzBNgJLstU6FYc1tS6wnMtF1I1D9lE8LxZSOGZ7LhxN54yPP6mGw5f2CkXY2BQUL9Fx41qvcIg==",
			"license": "MIT",
			"dependencies": {
				"basic-ftp": "^5.0.2",
				"data-uri-to-buffer": "^6.0.2",
				"debug": "^4.3.4"
			},
			"engines": {
				"node": ">= 14"
			}
		},
		"node_modules/gopd": {
			"version": "1.2.0",
			"resolved": "https://registry.npmjs.org/gopd/-/gopd-1.2.0.tgz",
			"integrity": "sha512-ZUKRh6/kUFoAiTAtTYPZJ3hw9wNxx+BIBOijnlG9PnrJsCcSjs1wyyD6vJpaYtgnzDrKYRSqf3OO6Rfa93xsRg==",
			"license": "MIT",
			"engines": {
				"node": ">= 0.4"
			},
			"funding": {
				"url": "https://github.com/sponsors/ljharb"
			}
		},
		"node_modules/has-flag": {
			"version": "3.0.0",
			"resolved": "https://registry.npmjs.org/has-flag/-/has-flag-3.0.0.tgz",
			"integrity": "sha512-sKJf1+ceQBr4SMkvQnBDNDtf4TXpVhVGateu0t918bl30FnbE2m4vNLX+VWe/dpjlb+HugGYzW7uQXH98HPEYw==",
			"license": "MIT",
			"engines": {
				"node": ">=4"
			}
		},
		"node_modules/has-symbols": {
			"version": "1.1.0",
			"resolved": "https://registry.npmjs.org/has-symbols/-/has-symbols-1.1.0.tgz",
			"integrity": "sha512-1cDNdwJ2Jaohmb3sg4OmKaMBwuC48sYni5HUw2DvsC8LjGTLK9h+eb1X6RyuOHe4hT0ULCW68iomhjUoKUqlPQ==",
			"license": "MIT",
			"engines": {
				"node": ">= 0.4"
			},
			"funding": {
				"url": "https://github.com/sponsors/ljharb"
			}
		},
		"node_modules/has-tostringtag": {
			"version": "1.0.2",
			"resolved": "https://registry.npmjs.org/has-tostringtag/-/has-tostringtag-1.0.2.tgz",
			"integrity": "sha512-NqADB8VjPFLM2V0VvHUewwwsw0ZWBaIdgo+ieHtK3hasLz4qeCRjYcqfB6AQrBggRKppKF8L52/VqdVsO47Dlw==",
			"license": "MIT",
			"dependencies": {
				"has-symbols": "^1.0.3"
			},
			"engines": {
				"node": ">= 0.4"
			},
			"funding": {
				"url": "https://github.com/sponsors/ljharb"
			}
		},
		"node_modules/hasown": {
			"version": "2.0.4",
			"resolved": "https://registry.npmjs.org/hasown/-/hasown-2.0.4.tgz",
			"integrity": "sha512-T2UbfbBEF32wiepXIsMlTW9+dDYC6wMh/t/vYA4tuOMKqWz/n3vr1NFSxQiyP+zk2mXsoMA/i/7qV6LKut1t1A==",
			"license": "MIT",
			"dependencies": {
				"function-bind": "^1.1.2"
			},
			"engines": {
				"node": ">= 0.4"
			}
		},
		"node_modules/http-proxy-agent": {
			"version": "7.0.2",
			"resolved": "https://registry.npmjs.org/http-proxy-agent/-/http-proxy-agent-7.0.2.tgz",
			"integrity": "sha512-T1gkAiYYDWYx3V5Bmyu7HcfcvL7mUrTWiM6yOfa3PIphViJ/gFPbvidQ+veqSOHci/PxBcDabeUNCzpOODJZig==",
			"license": "MIT",
			"dependencies": {
				"agent-base": "^7.1.0",
				"debug": "^4.3.4"
			},
			"engines": {
				"node": ">= 14"
			}
		},
		"node_modules/https-proxy-agent": {
			"version": "7.0.6",
			"resolved": "https://registry.npmjs.org/https-proxy-agent/-/https-proxy-agent-7.0.6.tgz",
			"integrity": "sha512-vK9P5/iUfdl95AI+JVyUuIcVtd4ofvtrOr3HNtM2yxC9bnMbEdp3x01OhQNnjb8IJYi38VlTE3mBXwcfvywuSw==",
			"license": "MIT",
			"dependencies": {
				"agent-base": "^7.1.2",
				"debug": "4"
			},
			"engines": {
				"node": ">= 14"
			}
		},
		"node_modules/ip-address": {
			"version": "10.7.0",
			"resolved": "https://registry.npmjs.org/ip-address/-/ip-address-10.7.0.tgz",
			"integrity": "sha512-BGFsyJd5mpXp3rK6jIdADLNgpJUK1jnjzvYF8lK+VyDab9JAmqN0YOKDdP17HlgKb2+ehPgDc8EtnRLbGCAMhA==",
			"license": "MIT",
			"engines": {
				"node": ">= 12"
			}
		},
		"node_modules/ipaddr.js": {
			"version": "1.8.1",
			"resolved": "https://registry.npmjs.org/ipaddr.js/-/ipaddr.js-1.8.1.tgz",
			"integrity": "sha512-Genkx0nA8gkH5lAT2j53s5Q0u2S8+Ks9XuXn6uk4aoDiVaU1VnNJQ6OOQYkOZpNgV+EtCjzVakSDnJOXrlPU4A==",
			"license": "MIT",
			"engines": {
				"node": ">= 0.10"
			}
		},
		"node_modules/lodash": {
			"version": "4.18.1",
			"resolved": "https://registry.npmjs.org/lodash/-/lodash-4.18.1.tgz",
			"integrity": "sha512-dMInicTPVE8d1e5otfwmmjlxkZoUpiVLwyeTdUsi/Caj/gfzzblBcCE5sRHV/AsjuCmxWrte2TNGSYuCeCq+0Q==",
			"license": "MIT"
		},
		"node_modules/lru-cache": {
			"version": "7.18.3",
			"resolved": "https://registry.npmjs.org/lru-cache/-/lru-cache-7.18.3.tgz",
			"integrity": "sha512-jumlc0BIUrS3qJGgIkWZsyfAM7NCWiBcCDhnd+3NNM5KbBmLTgHVfWBcg6W+rLUsIpzpERPsvwUP7CckAQSOoA==",
			"license": "ISC",
			"engines": {
				"node": ">=12"
			}
		},
		"node_modules/math-intrinsics": {
			"version": "1.1.0",
			"resolved": "https://registry.npmjs.org/math-intrinsics/-/math-intrinsics-1.1.0.tgz",
			"integrity": "sha512-/IXtbwEk5HTPyEwyKX6hGkYXxM9nbj64B+ilVJnC/R6B0pH5G4V3b0pVbL7DBj4tkhBAppbQUlf6F6Xl9LHu1g==",
			"license": "MIT",
			"engines": {
				"node": ">= 0.4"
			}
		},
		"node_modules/mime-db": {
			"version": "1.52.0",
			"resolved": "https://registry.npmjs.org/mime-db/-/mime-db-1.52.0.tgz",
			"integrity": "sha512-sPU4uV7dYlvtWJxwwxHD0PuihVNiE7TyAbQ5SWxDCB9mUYvOgroQOwYQQOKPJ8CIbE+1ETVlOoK1UC2nU3gYvg==",
			"license": "MIT",
			"engines": {
				"node": ">= 0.6"
			}
		},
		"node_modules/mime-types": {
			"version": "2.1.35",
			"resolved": "https://registry.npmjs.org/mime-types/-/mime-types-2.1.35.tgz",
			"integrity": "sha512-ZDY+bPm5zTTF+YpCrAU9nK0UgICYPT0QtT1NZWFv4s++TNkcgVaT0g6+4R2uI4MjQjzysHB1zxuWL50hzaeXiw==",
			"license": "MIT",
			"dependencies": {
				"mime-db": "1.52.0"
			},
			"engines": {
				"node": ">= 0.6"
			}
		},
		"node_modules/ms": {
			"version": "2.1.3",
			"resolved": "https://registry.npmjs.org/ms/-/ms-2.1.3.tgz",
			"integrity": "sha512-6FlzubTLZG3J2a/NVCAleEhjzq5oxgHyaCU9yYXvcLsvoVaHJq/s5xXI6/XXP6tz7R9xAOtHnSO/tXtF3WRTlA==",
			"license": "MIT"
		},
		"node_modules/nan": {
			"version": "2.28.0",
			"resolved": "https://registry.npmjs.org/nan/-/nan-2.28.0.tgz",
			"integrity": "sha512-fTsDz99OTq2sVePhGdp4qQhggZFtKr64ZNVyVajRKtMOkJxYekplBh577PiJB12v/D3s2E5cGtOI45LWp6rnLQ==",
			"license": "MIT",
			"optional": true
		},
		"node_modules/netmask": {
			"version": "2.1.1",
			"resolved": "https://registry.npmjs.org/netmask/-/netmask-2.1.1.tgz",
			"integrity": "sha512-eonl3sLUha+S1GzTPxychyhnUzKyeQkZ7jLjKrBagJgPla13F+uQ71HgpFefyHgqrjEbCPkDArxYsjY8/+gLKA==",
			"license": "MIT",
			"engines": {
				"node": ">= 0.4.0"
			}
		},
		"node_modules/node-addon-api": {
			"version": "7.1.1",
			"resolved": "https://registry.npmjs.org/node-addon-api/-/node-addon-api-7.1.1.tgz",
			"integrity": "sha512-5m3bsyrjFWE1xf7nz7YXdN4udnVtXK6/Yfgn5qnahL6bCkf2yKt4k3nuTKAtT4r3IG8JNR2ncsIMdZuAzJjHQQ==",
			"license": "MIT"
		},
		"node_modules/node-pty": {
			"version": "1.1.0",
			"resolved": "https://registry.npmjs.org/node-pty/-/node-pty-1.1.0.tgz",
			"integrity": "sha512-20JqtutY6JPXTUnL0ij1uad7Qe1baT46lyolh2sSENDd4sTzKZ4nmAFkeAARDKwmlLjPx6XKRlwRUxwjOy+lUg==",
			"hasInstallScript": true,
			"license": "MIT",
			"dependencies": {
				"node-addon-api": "^7.1.0"
			}
		},
		"node_modules/pac-proxy-agent": {
			"version": "7.2.0",
			"resolved": "https://registry.npmjs.org/pac-proxy-agent/-/pac-proxy-agent-7.2.0.tgz",
			"integrity": "sha512-TEB8ESquiLMc0lV8vcd5Ql/JAKAoyzHFXaStwjkzpOpC5Yv+pIzLfHvjTSdf3vpa2bMiUQrg9i6276yn8666aA==",
			"license": "MIT",
			"dependencies": {
				"@tootallnate/quickjs-emscripten": "^0.23.0",
				"agent-base": "^7.1.2",
				"debug": "^4.3.4",
				"get-uri": "^6.0.1",
				"http-proxy-agent": "^7.0.0",
				"https-proxy-agent": "^7.0.6",
				"pac-resolver": "^7.0.1",
				"socks-proxy-agent": "^8.0.5"
			},
			"engines": {
				"node": ">= 14"
			}
		},
		"node_modules/pac-resolver": {
			"version": "7.0.1",
			"resolved": "https://registry.npmjs.org/pac-resolver/-/pac-resolver-7.0.1.tgz",
			"integrity": "sha512-5NPgf87AT2STgwa2ntRMr45jTKrYBGkVU36yT0ig/n/GMAa3oPqhZfIQ2kMEimReg0+t9kZViDVZ83qfVUlckg==",
			"license": "MIT",
			"dependencies": {
				"degenerator": "^5.0.0",
				"netmask": "^2.0.2"
			},
			"engines": {
				"node": ">= 14"
			}
		},
		"node_modules/picomatch": {
			"version": "4.0.4",
			"resolved": "https://registry.npmjs.org/picomatch/-/picomatch-4.0.4.tgz",
			"integrity": "sha512-QP88BAKvMam/3NxH6vj2o21R6MjxZUAd6nlwAS/pnGvN9IVLocLHxGYIzFhg6fUQ+5th6P4dv4eW9jX3DSIj7A==",
			"license": "MIT",
			"engines": {
				"node": ">=12"
			},
			"funding": {
				"url": "https://github.com/sponsors/jonschlinkert"
			}
		},
		"node_modules/pixl-acl": {
			"version": "1.0.4",
			"resolved": "https://registry.npmjs.org/pixl-acl/-/pixl-acl-1.0.4.tgz",
			"integrity": "sha512-/zqXMUB9Hmiw1vfouwLJXeoFyQEW5KguaH6KmPkFmjhnfpDy6Dl6BQ1eZzrefUKPRdOvW2s286Am0slx9ZtdQQ==",
			"license": "MIT",
			"dependencies": {
				"ipaddr.js": "1.8.1"
			}
		},
		"node_modules/pixl-args": {
			"version": "1.0.6",
			"resolved": "https://registry.npmjs.org/pixl-args/-/pixl-args-1.0.6.tgz",
			"integrity": "sha512-y2hULMyeZDrEYq9lIhDG35tRW5anjq3Zi/9caPf2q5n0qji/o5+8YSh5fKW61CNPStZbJmd0aJSsPKf/Ouk98w==",
			"license": "MIT"
		},
		"node_modules/pixl-boot": {
			"version": "2.0.5",
			"resolved": "https://registry.npmjs.org/pixl-boot/-/pixl-boot-2.0.5.tgz",
			"integrity": "sha512-oHaPeMrjOdkc01dff0SghHMPAuMN8cw6oaRvPrKk5XI2zIlCpP6hq+bS/sQz1G1UcDpiw+mcEmN/kE/nK5ykYg==",
			"license": "MIT",
			"dependencies": {
				"pixl-cli": "^1.0.0"
			},
			"bin": {
				"pixl-boot": "cli.js"
			}
		},
		"node_modules/pixl-class": {
			"version": "1.0.3",
			"resolved": "https://registry.npmjs.org/pixl-class/-/pixl-class-1.0.3.tgz",
			"integrity": "sha512-YS3MS4IuBNvy1gAuMJtQiZPMdmRjK2EwqomJNUG3PJtCz5bbG5MWgY7xV780jx/2oIj/IHNYGyZmfqQRs0KTZw==",
			"license": "MIT"
		},
		"node_modules/pixl-cli": {
			"version": "1.1.6",
			"resolved": "https://registry.npmjs.org/pixl-cli/-/pixl-cli-1.1.6.tgz",
			"integrity": "sha512-KtiGUZpfafT8gJ1tbo+cC2GOIUuNdhHwvZBomuVpXgz7H1XqFaBhj+cik4hy9nNGlVgaf8lG4+ZKta/b8XNoMg==",
			"license": "MIT",
			"dependencies": {
				"chalk": "2.4.1",
				"pixl-args": "^1.0.0",
				"pixl-tools": "^2.0.2"
			}
		},
		"node_modules/pixl-config": {
			"version": "1.0.15",
			"resolved": "https://registry.npmjs.org/pixl-config/-/pixl-config-1.0.15.tgz",
			"integrity": "sha512-/2zsrJmCzeamlWmeOu/cICTnhMIfmotPWHeLKClZAejp5RylZ8q1f+Yq9YabJjg+LqKgimwqwZ8Ksrb2tWrDUQ==",
			"license": "MIT",
			"dependencies": {
				"pixl-args": "^1.0.0",
				"pixl-class": "^1.0.3",
				"pixl-tools": "^2.0.2"
			}
		},
		"node_modules/pixl-json-stream": {
			"version": "1.0.10",
			"resolved": "https://registry.npmjs.org/pixl-json-stream/-/pixl-json-stream-1.0.10.tgz",
			"integrity": "sha512-tTbiS9/iKSRU/h/aZ7IySb8kpAE0zx/a6w2N/n6QQnwDjt5jqzI+GqJ245sDkw0e1LmEdiTiVfjT3sOugw2fdw==",
			"license": "MIT",
			"dependencies": {
				"pixl-class": "^1.0.3"
			}
		},
		"node_modules/pixl-logger": {
			"version": "2.0.4",
			"resolved": "https://registry.npmjs.org/pixl-logger/-/pixl-logger-2.0.4.tgz",
			"integrity": "sha512-LhrAkdGwb8Wb+jVejecjJYZq2Vfe3hZyDXiA2Nb8J1kHr5dLHZQWqFz2yM+q6ILz3R+6nYoOpOrX6ZJRImLoLQ==",
			"license": "MIT",
			"dependencies": {
				"approximate-now": "1.0.0",
				"chalk": "2.4.1",
				"class-plus": "^1.0.0",
				"pixl-tools": "^2.0.2",
				"uncatch": "^1.0.0"
			}
		},
		"node_modules/pixl-perf": {
			"version": "1.0.9",
			"resolved": "https://registry.npmjs.org/pixl-perf/-/pixl-perf-1.0.9.tgz",
			"integrity": "sha512-q/ji92X2drcK94CpzsE2YpBFMjMlD2xih62K5PqdteQHq/Nf9CwsbepYJXVOaSjvu9wGGlw7+x2A95/9traWSg==",
			"license": "MIT",
			"dependencies": {
				"pixl-class": "^1.0.3"
			}
		},
		"node_modules/pixl-request": {
			"version": "2.6.11",
			"resolved": "https://registry.npmjs.org/pixl-request/-/pixl-request-2.6.11.tgz",
			"integrity": "sha512-Aq21vtSxJYvXDUX4LyKhfXTavYJaZZtUc7I0Zv0uzyHrYD3uLhnAVCgb0oL2FzNW7JY8MdmTknleHI6n0kJJ5Q==",
			"license": "MIT",
			"dependencies": {
				"class-plus": "^2.0.0",
				"errno": "1.0.0",
				"form-data": "4.0.6",
				"pixl-acl": "^1.0.0",
				"pixl-perf": "^1.0.0",
				"pixl-xml": "^1.0.0",
				"proxy-agent": "6.5.0"
			}
		},
		"node_modules/pixl-request/node_modules/class-plus": {
			"version": "2.0.0",
			"resolved": "https://registry.npmjs.org/class-plus/-/class-plus-2.0.0.tgz",
			"integrity": "sha512-Oyh5EDFkeU6NQZcE5zSbqw/EsXqCmmC/W42BxxcNFRZB0sZ7UZAcDUP77yT8CDuP3f43DofD91HYbDjWvApoaA==",
			"license": "MIT"
		},
		"node_modules/pixl-server": {
			"version": "1.0.50",
			"resolved": "https://registry.npmjs.org/pixl-server/-/pixl-server-1.0.50.tgz",
			"integrity": "sha512-f5NcL5cUgPVlxhQySemtfAtmMUazne+seRY7ZgXI+RQ5nICEQ/u70AmPoMuoAQa1KSQdzF1VzUHvgJk/5BlXcw==",
			"license": "MIT",
			"dependencies": {
				"async": "2.6.4",
				"daemon": "1.1.0",
				"pixl-args": "^1.0.3",
				"pixl-class": "^1.0.3",
				"pixl-config": "^1.0.8",
				"pixl-logger": "^2.0.3",
				"pixl-tools": "^2.0.2",
				"uncatch": "^1.0.0"
			}
		},
		"node_modules/pixl-tools": {
			"version": "2.0.5",
			"resolved": "https://registry.npmjs.org/pixl-tools/-/pixl-tools-2.0.5.tgz",
			"integrity": "sha512-y9J9NJkvKhLyzjs/7hqg1eiULnC1pMFTbX4suOP6L1vxnXvWm3CUKPZTbb6ovYqT0pSGbgtuupdIQ3CrdoMmdA==",
			"license": "MIT",
			"dependencies": {
				"async": "2.6.4",
				"errno": "0.1.7",
				"picomatch": "4.0.4"
			}
		},
		"node_modules/pixl-tools/node_modules/errno": {
			"version": "0.1.7",
			"resolved": "https://registry.npmjs.org/errno/-/errno-0.1.7.tgz",
			"integrity": "sha512-MfrRBDWzIWifgq6tJj60gkAwtLNb6sQPlcFrSOflcP1aFmmruKQ2wRnze/8V6kgyz7H3FF8Npzv78mZ7XLLflg==",
			"license": "MIT",
			"dependencies": {
				"prr": "~1.0.1"
			},
			"bin": {
				"errno": "cli.js"
			}
		},
		"node_modules/pixl-xml": {
			"version": "1.0.13",
			"resolved": "https://registry.npmjs.org/pixl-xml/-/pixl-xml-1.0.13.tgz",
			"integrity": "sha512-TFFCqJKL6k3S284To1t8MQfqgiHIDXoLvOmuUm8XMIUotlRc2EIibx6fuKDDb5+0fN1o2tkTe1vRWVNk/HJqHQ==",
			"license": "MIT"
		},
		"node_modules/proxy-agent": {
			"version": "6.5.0",
			"resolved": "https://registry.npmjs.org/proxy-agent/-/proxy-agent-6.5.0.tgz",
			"integrity": "sha512-TmatMXdr2KlRiA2CyDu8GqR8EjahTG3aY3nXjdzFyoZbmB8hrBsTyMezhULIXKnC0jpfjlmiZ3+EaCzoInSu/A==",
			"license": "MIT",
			"dependencies": {
				"agent-base": "^7.1.2",
				"debug": "^4.3.4",
				"http-proxy-agent": "^7.0.1",
				"https-proxy-agent": "^7.0.6",
				"lru-cache": "^7.14.1",
				"pac-proxy-agent": "^7.1.0",
				"proxy-from-env": "^1.1.0",
				"socks-proxy-agent": "^8.0.5"
			},
			"engines": {
				"node": ">= 14"
			}
		},
		"node_modules/proxy-from-env": {
			"version": "1.1.0",
			"resolved": "https://registry.npmjs.org/proxy-from-env/-/proxy-from-env-1.1.0.tgz",
			"integrity": "sha512-D+zkORCbA9f1tdWRK0RaCR3GPv50cMxcrz4X8k5LTSUD1Dkw47mKJEZQNunItRTkWwgtaUSo1RVFRIG9ZXiFYg==",
			"license": "MIT"
		},
		"node_modules/prr": {
			"version": "1.0.1",
			"resolved": "https://registry.npmjs.org/prr/-/prr-1.0.1.tgz",
			"integrity": "sha512-yPw4Sng1gWghHQWj0B3ZggWUm4qVbPwPFcRG8KyxiU7J2OHFSoEHKS+EZ3fv5l1t9CyCiop6l/ZYeWbrgoQejw==",
			"license": "MIT"
		},
		"node_modules/safer-buffer": {
			"version": "2.1.2",
			"resolved": "https://registry.npmjs.org/safer-buffer/-/safer-buffer-2.1.2.tgz",
			"integrity": "sha512-YZo3K82SD7Riyi0E1EQPojLz7kpepnSQI9IyPbHHg1XXXevb5dJI7tpyN2ADxGcQbHG7vcyRHk0cbwqcQriUtg==",
			"license": "MIT"
		},
		"node_modules/shell-quote": {
			"version": "1.9.0",
			"resolved": "https://registry.npmjs.org/shell-quote/-/shell-quote-1.9.0.tgz",
			"integrity": "sha512-Iov+JwFv/2HcTpcwNMKd8+IWNb8tboQJNQTkAY/LLVK7gGH9jy+LGkVqPxfekHl+yMmiqXszdGWXgkfml7hjqA==",
			"license": "MIT",
			"engines": {
				"node": ">= 0.4"
			},
			"funding": {
				"url": "https://github.com/sponsors/ljharb"
			}
		},
		"node_modules/smart-buffer": {
			"version": "4.2.0",
			"resolved": "https://registry.npmjs.org/smart-buffer/-/smart-buffer-4.2.0.tgz",
			"integrity": "sha512-94hK0Hh8rPqQl2xXc3HsaBoOXKV20MToPkcXvwbISWLEs+64sBq5kFgn2kJDHb1Pry9yrP0dxrCI9RRci7RXKg==",
			"license": "MIT",
			"engines": {
				"node": ">= 6.0.0",
				"npm": ">= 3.0.0"
			}
		},
		"node_modules/socks": {
			"version": "2.8.10",
			"resolved": "https://registry.npmjs.org/socks/-/socks-2.8.10.tgz",
			"integrity": "sha512-e0VyvkVTwVYViNovRkZ9aodhxVlyoMn7eJhVUPxZ+eK9P/7CBkxvvsBOHqFPEH416726W8tLXXXjKwqgTErrCQ==",
			"license": "MIT",
			"dependencies": {
				"ip-address": "^10.1.1",
				"smart-buffer": "^4.2.0"
			},
			"engines": {
				"node": ">= 10.0.0",
				"npm": ">= 3.0.0"
			}
		},
		"node_modules/socks-proxy-agent": {
			"version": "8.0.5",
			"resolved": "https://registry.npmjs.org/socks-proxy-agent/-/socks-proxy-agent-8.0.5.tgz",
			"integrity": "sha512-HehCEsotFqbPW9sJ8WVYB6UbmIMv7kUUORIF2Nncq4VQvBfNBLibW9YZR5dlYCSUhwcD628pRllm7n+E+YTzJw==",
			"license": "MIT",
			"dependencies": {
				"agent-base": "^7.1.2",
				"debug": "^4.3.4",
				"socks": "^2.8.3"
			},
			"engines": {
				"node": ">= 14"
			}
		},
		"node_modules/source-map": {
			"version": "0.6.1",
			"resolved": "https://registry.npmjs.org/source-map/-/source-map-0.6.1.tgz",
			"integrity": "sha512-UjgapumWlbMhkBgzT7Ykc5YXUT46F0iKu8SGXq0bcwP5dz/h0Plj6enJqjz1Zbq2l5WaqYnrVbwWOWMyF3F47g==",
			"license": "BSD-3-Clause",
			"optional": true,
			"engines": {
				"node": ">=0.10.0"
			}
		},
		"node_modules/ssh2": {
			"version": "1.17.0",
			"resolved": "https://registry.npmjs.org/ssh2/-/ssh2-1.17.0.tgz",
			"integrity": "sha512-wPldCk3asibAjQ/kziWQQt1Wh3PgDFpC0XpwclzKcdT1vql6KeYxf5LIt4nlFkUeR8WuphYMKqUA56X4rjbfgQ==",
			"hasInstallScript": true,
			"dependencies": {
				"asn1": "^0.2.6",
				"bcrypt-pbkdf": "^1.0.2"
			},
			"engines": {
				"node": ">=10.16.0"
			},
			"optionalDependencies": {
				"cpu-features": "~0.0.10",
				"nan": "^2.23.0"
			}
		},
		"node_modules/supports-color": {
			"version": "5.5.0",
			"resolved": "https://registry.npmjs.org/supports-color/-/supports-color-5.5.0.tgz",
			"integrity": "sha512-QjVjwdXIt408MIiAqCX4oUKsgU2EqAGzs2Ppkm4aQYbjm+ZEWEcW4SfFNTr4uMNZma0ey4f5lgLrkB0aX0QMow==",
			"license": "MIT",
			"dependencies": {
				"has-flag": "^3.0.0"
			},
			"engines": {
				"node": ">=4"
			}
		},
		"node_modules/systeminformation": {
			"version": "5.33.8",
			"resolved": "https://registry.npmjs.org/systeminformation/-/systeminformation-5.33.8.tgz",
			"integrity": "sha512-v4F6OGYGh7wDvV68YmjOmZwGixV9A/GQ7d2b84t0UF4CaOy9jipNWIJDkHqYDYiTPuiojqlwVQd0hfUKOUN7tQ==",
			"license": "MIT",
			"os": [
				"darwin",
				"linux",
				"win32",
				"freebsd",
				"openbsd",
				"netbsd",
				"sunos",
				"android"
			],
			"bin": {
				"systeminformation": "lib/cli.js"
			},
			"engines": {
				"node": ">=10.0.0"
			},
			"funding": {
				"type": "Buy me a coffee",
				"url": "https://www.buymeacoffee.com/systeminfo"
			}
		},
		"node_modules/tslib": {
			"version": "2.8.1",
			"resolved": "https://registry.npmjs.org/tslib/-/tslib-2.8.1.tgz",
			"integrity": "sha512-oJFu94HQb+KVduSUQL7wnpmqnfmLsOA/nAh6b6EH0wCEoK0/mPeXU6c3wKDV83MkOuHPRHtSXKKU99IBazS/2w==",
			"license": "0BSD"
		},
		"node_modules/tweetnacl": {
			"version": "0.14.5",
			"resolved": "https://registry.npmjs.org/tweetnacl/-/tweetnacl-0.14.5.tgz",
			"integrity": "sha512-KXXFFdAbFXY4geFIwoyNK+f5Z1b7swfXABfL7HXCmoIWMKU3dmS26672A4EeQtDzLKy7SXmfBu51JolvEKwtGA==",
			"license": "Unlicense"
		},
		"node_modules/uncatch": {
			"version": "1.0.4",
			"resolved": "https://registry.npmjs.org/uncatch/-/uncatch-1.0.4.tgz",
			"integrity": "sha512-zBGT5WELlYj1ItHgKJuwp6Pzg+FQTQzX+Fib47Wmx5dlV8HDoQVrrbj9SY5beMw/Je3ucxaB6g8YG/MDk/ltLg==",
			"license": "MIT"
		},
		"node_modules/ws": {
			"version": "7.5.11",
			"resolved": "https://registry.npmjs.org/ws/-/ws-7.5.11.tgz",
			"integrity": "sha512-zS54Oen9bITtp7kp2XM3AydrCIq1D+HwJOuH+c+e4LfpL/lotP5osijd+UoMnxwAam1GN8R4KtLAyIrIcBNpiA==",
			"license": "MIT",
			"engines": {
				"node": ">=8.3.0"
			},
			"peerDependencies": {
				"bufferutil": "^4.0.1",
				"utf-8-validate": "^5.0.2"
			},
			"peerDependenciesMeta": {
				"bufferutil": {
					"optional": true
				},
				"utf-8-validate": {
					"optional": true
				}
			}
		}
	}
}
